
Microsoft Visual Studio Solution File, Format Version 12.00
# Visual Studio Version 16
VisualStudioVersion = 16.0.30717.126
MinimumVisualStudioVersion = 10.0.40219.1
Project("{FAE04EC0-301F-11D3-BF4B-00C04F79EFBC}") = "Project_50", "Project_50\Project_50.csproj", "{B3DB5B93-9827-472E-BF9C-912F392A67F3}"
EndProject
Project("{FAE04EC0-301F-11D3-BF4B-00C04F79EFBC}") = "Project_49", "Project_49\Project_49.csproj", "{DA7EF92A-4C82-4BA5-B668-60D03DE5D31B}"
EndProject
Project("{FAE04EC0-301F-11D3-BF4B-00C04F79EFBC}") = "Project_51", "Project_51\Project_51.csproj", "{8223AB42-9657-4C66-A042-C63129FF80C6}"
EndProject
Project("{FAE04EC0-301F-11D3-BF4B-00C04F79EFBC}") = "Project_52", "Project_52\Project_52.csproj", "{9761CD67-E08E-4AB2-B310-AC9189DE8FBC}"
EndProject
Project("{FAE04EC0-301F-11D3-BF4B-00C04F79EFBC}") = "Project_53", "Project_53\Project_53.csproj", "{26262B75-5765-44B7-AAAE-F1D9301EE239}"
EndProject
Global
	GlobalSection(SolutionConfigurationPlatforms) = preSolution
		Debug|Any CPU = Debug|Any CPU
		Release|Any CPU = Release|Any CPU
	EndGlobalSection
	GlobalSection(ProjectConfigurationPlatforms) = postSolution
		{B3DB5B93-9827-472E-BF9C-912F392A67F3}.Debug|Any CPU.ActiveCfg = Debug|Any CPU
		{B3DB5B93-9827-472E-BF9C-912F392A67F3}.Debug|Any CPU.Build.0 = Debug|Any CPU
		{B3DB5B93-9827-472E-BF9C-912F392A67F3}.Release|Any CPU.ActiveCfg = Release|Any CPU
		{B3DB5B93-9827-472E-BF9C-912F392A67F3}.Release|Any CPU.Build.0 = Release|Any CPU
		{DA7EF92A-4C82-4BA5-B668-60D03DE5D31B}.Debug|Any CPU.ActiveCfg = Debug|Any CPU
		{DA7EF92A-4C82-4BA5-B668-60D03DE5D31B}.Debug|Any CPU.Build.0 = Debug|Any CPU
		{DA7EF92A-4C82-4BA5-B668-60D03DE5D31B}.Release|Any CPU.ActiveCfg = Release|Any CPU
		{DA7EF92A-4C82-4BA5-B668-60D03DE5D31B}.Release|Any CPU.Build.0 = Release|Any CPU
		{8223AB42-9657-4C66-A042-C63129FF80C6}.Debug|Any CPU.ActiveCfg = Debug|Any CPU
		{8223AB42-9657-4C66-A042-C63129FF80C6}.Debug|Any CPU.Build.0 = Debug|Any CPU
		{8223AB42-9657-4C66-A042-C63129FF80C6}.Release|Any CPU.ActiveCfg = Release|Any CPU
		{8223AB42-9657-4C66-A042-C63129FF80C6}.Release|Any CPU.Build.0 = Release|Any CPU
		{9761CD67-E08E-4AB2-B310-AC9189DE8FBC}.Debug|Any CPU.ActiveCfg = Debug|Any CPU
		{9761CD67-E08E-4AB2-B310-AC9189DE8FBC}.Debug|Any CPU.Build.0 = Debug|Any CPU
		{9761CD67-E08E-4AB2-B310-AC9189DE8FBC}.Release|Any CPU.ActiveCfg = Release|Any CPU
		{9761CD67-E08E-4AB2-B310-AC9189DE8FBC}.Release|Any CPU.Build.0 = Release|Any CPU
		{26262B75-5765-44B7-AAAE-F1D9301EE239}.Debug|Any CPU.ActiveCfg = Debug|Any CPU
		{26262B75-5765-44B7-AAAE-F1D9301EE239}.Debug|Any CPU.Build.0 = Debug|Any CPU
		{26262B75-5765-44B7-AAAE-F1D9301EE239}.Release|Any CPU.ActiveCfg = Release|Any CPU
		{26262B75-5765-44B7-AAAE-F1D9301EE239}.Release|Any CPU.Build.0 = Release|Any CPU
	EndGlobalSection
	GlobalSection(SolutionProperties) = preSolution
		HideSolutionNode = FALSE
	EndGlobalSection
	GlobalSection(ExtensibilityGlobals) = postSolution
		SolutionGuid = {B39BB533-9378-4F20-98B2-903806EE60A9}
	EndGlobalSection
EndGlobal
