
Microsoft Visual Studio Solution File, Format Version 12.00
# Visual Studio Version 17
VisualStudioVersion = 17.2.32630.192
MinimumVisualStudioVersion = 10.0.40219.1
Project("{FAE04EC0-301F-11D3-BF4B-00C04F79EFBC}") = "Project_50", "Project_50\Project_50.csproj", "{B3DB5B93-9827-472E-BF9C-912F392A67F3}"
EndProject
Project("{FAE04EC0-301F-11D3-BF4B-00C04F79EFBC}") = "Project_49", "Project_49\Project_49.csproj", "{DA7EF92A-4C82-4BA5-B668-60D03DE5D31B}"
EndProject
Project("{FAE04EC0-301F-11D3-BF4B-00C04F79EFBC}") = "Project_51", "Project_51\Project_51.csproj", "{8223AB42-9657-4C66-A042-C63129FF80C6}"
EndProject
Project("{FAE04EC0-301F-11D3-BF4B-00C04F79EFBC}") = "Project_52", "Project_52\Project_52.csproj", "{9761CD67-E08E-4AB2-B310-AC9189DE8FBC}"
EndProject
Project("{FAE04EC0-301F-11D3-BF4B-00C04F79EFBC}") = "Project_53", "Project_53\Project_53.csproj", "{26262B75-5765-44B7-AAAE-F1D9301EE239}"
EndProject
Project("{FAE04EC0-301F-11D3-BF4B-00C04F79EFBC}") = "Project_54", "Project_54\Project_54.csproj", "{1B1734C0-ACE9-4F6A-BCE4-BADAC28E563A}"
EndProject
Project("{FAE04EC0-301F-11D3-BF4B-00C04F79EFBC}") = "Project_40", "Project_40\Project_40.csproj", "{D7B780E9-CE84-49F4-8130-F4FC4AE9C615}"
EndProject
Project("{2150E333-8FDC-42A3-9474-1A3956D46DE8}") = "Solution Items", "Solution Items", "{F9EE698B-CAD7-4856-AE1D-7C210984C972}"
	ProjectSection(SolutionItems) = preProject
		README.md = README.md
	EndProjectSection
EndProject
Project("{FAE04EC0-301F-11D3-BF4B-00C04F79EFBC}") = "Project_57", "Project_57\Project_57.csproj", "{47B7BA4A-A34F-4626-ABDA-83B4A82BA2FF}"
EndProject
Project("{FAE04EC0-301F-11D3-BF4B-00C04F79EFBC}") = "Project_61_ParentalControl", "Project_61_ParentalControl\Project_61_ParentalControl.csproj", "{3643F992-6167-4828-BE91-8115406518FD}"
EndProject
Project("{FAE04EC0-301F-11D3-BF4B-00C04F79EFBC}") = "Project_61_GUI", "Project_61_GUI\Project_61_GUI.csproj", "{15AB16E0-453E-4700-9222-4D4F28AB052D}"
EndProject
Project("{9A19103F-16F7-4668-BE54-9A1E7A4F7556}") = "Project_63_Client", "Project_63_Client\Project_63_Client.csproj", "{9E1A9A81-A786-468B-846E-06819000E741}"
EndProject
Project("{FAE04EC0-301F-11D3-BF4B-00C04F79EFBC}") = "Project_63_Server", "Project_63_Server\Project_63_Server.csproj", "{817956D4-EF0B-4139-BDD3-22332251B56C}"
EndProject
Project("{9A19103F-16F7-4668-BE54-9A1E7A4F7556}") = "Project_64_Client", "Project_64_Client\Project_64_Client.csproj", "{7A39216F-D3B0-4592-A925-07085853BE8F}"
EndProject
Project("{FAE04EC0-301F-11D3-BF4B-00C04F79EFBC}") = "Project_64_Server", "Project_64_Server\Project_64_Server.csproj", "{B61D04FD-06BB-4A7F-9FCE-7DF50835F27A}"
EndProject
Global
	GlobalSection(SolutionConfigurationPlatforms) = preSolution
		Debug|Any CPU = Debug|Any CPU
		Release|Any CPU = Release|Any CPU
	EndGlobalSection
	GlobalSection(ProjectConfigurationPlatforms) = postSolution
		{B3DB5B93-9827-472E-BF9C-912F392A67F3}.Debug|Any CPU.ActiveCfg = Debug|Any CPU
		{B3DB5B93-9827-472E-BF9C-912F392A67F3}.Debug|Any CPU.Build.0 = Debug|Any CPU
		{B3DB5B93-9827-472E-BF9C-912F392A67F3}.Release|Any CPU.ActiveCfg = Release|Any CPU
		{B3DB5B93-9827-472E-BF9C-912F392A67F3}.Release|Any CPU.Build.0 = Release|Any CPU
		{DA7EF92A-4C82-4BA5-B668-60D03DE5D31B}.Debug|Any CPU.ActiveCfg = Debug|Any CPU
		{DA7EF92A-4C82-4BA5-B668-60D03DE5D31B}.Debug|Any CPU.Build.0 = Debug|Any CPU
		{DA7EF92A-4C82-4BA5-B668-60D03DE5D31B}.Release|Any CPU.ActiveCfg = Release|Any CPU
		{DA7EF92A-4C82-4BA5-B668-60D03DE5D31B}.Release|Any CPU.Build.0 = Release|Any CPU
		{8223AB42-9657-4C66-A042-C63129FF80C6}.Debug|Any CPU.ActiveCfg = Debug|Any CPU
		{8223AB42-9657-4C66-A042-C63129FF80C6}.Debug|Any CPU.Build.0 = Debug|Any CPU
		{8223AB42-9657-4C66-A042-C63129FF80C6}.Release|Any CPU.ActiveCfg = Release|Any CPU
		{8223AB42-9657-4C66-A042-C63129FF80C6}.Release|Any CPU.Build.0 = Release|Any CPU
		{9761CD67-E08E-4AB2-B310-AC9189DE8FBC}.Debug|Any CPU.ActiveCfg = Debug|Any CPU
		{9761CD67-E08E-4AB2-B310-AC9189DE8FBC}.Debug|Any CPU.Build.0 = Debug|Any CPU
		{9761CD67-E08E-4AB2-B310-AC9189DE8FBC}.Release|Any CPU.ActiveCfg = Release|Any CPU
		{9761CD67-E08E-4AB2-B310-AC9189DE8FBC}.Release|Any CPU.Build.0 = Release|Any CPU
		{26262B75-5765-44B7-AAAE-F1D9301EE239}.Debug|Any CPU.ActiveCfg = Debug|Any CPU
		{26262B75-5765-44B7-AAAE-F1D9301EE239}.Debug|Any CPU.Build.0 = Debug|Any CPU
		{26262B75-5765-44B7-AAAE-F1D9301EE239}.Release|Any CPU.ActiveCfg = Release|Any CPU
		{26262B75-5765-44B7-AAAE-F1D9301EE239}.Release|Any CPU.Build.0 = Release|Any CPU
		{1B1734C0-ACE9-4F6A-BCE4-BADAC28E563A}.Debug|Any CPU.ActiveCfg = Debug|Any CPU
		{1B1734C0-ACE9-4F6A-BCE4-BADAC28E563A}.Debug|Any CPU.Build.0 = Debug|Any CPU
		{1B1734C0-ACE9-4F6A-BCE4-BADAC28E563A}.Release|Any CPU.ActiveCfg = Release|Any CPU
		{1B1734C0-ACE9-4F6A-BCE4-BADAC28E563A}.Release|Any CPU.Build.0 = Release|Any CPU
		{D7B780E9-CE84-49F4-8130-F4FC4AE9C615}.Debug|Any CPU.ActiveCfg = Debug|Any CPU
		{D7B780E9-CE84-49F4-8130-F4FC4AE9C615}.Debug|Any CPU.Build.0 = Debug|Any CPU
		{D7B780E9-CE84-49F4-8130-F4FC4AE9C615}.Release|Any CPU.ActiveCfg = Release|Any CPU
		{D7B780E9-CE84-49F4-8130-F4FC4AE9C615}.Release|Any CPU.Build.0 = Release|Any CPU
		{47B7BA4A-A34F-4626-ABDA-83B4A82BA2FF}.Debug|Any CPU.ActiveCfg = Debug|Any CPU
		{47B7BA4A-A34F-4626-ABDA-83B4A82BA2FF}.Debug|Any CPU.Build.0 = Debug|Any CPU
		{47B7BA4A-A34F-4626-ABDA-83B4A82BA2FF}.Release|Any CPU.ActiveCfg = Release|Any CPU
		{47B7BA4A-A34F-4626-ABDA-83B4A82BA2FF}.Release|Any CPU.Build.0 = Release|Any CPU
		{3643F992-6167-4828-BE91-8115406518FD}.Debug|Any CPU.ActiveCfg = Debug|Any CPU
		{3643F992-6167-4828-BE91-8115406518FD}.Debug|Any CPU.Build.0 = Debug|Any CPU
		{3643F992-6167-4828-BE91-8115406518FD}.Release|Any CPU.ActiveCfg = Release|Any CPU
		{3643F992-6167-4828-BE91-8115406518FD}.Release|Any CPU.Build.0 = Release|Any CPU
		{15AB16E0-453E-4700-9222-4D4F28AB052D}.Debug|Any CPU.ActiveCfg = Debug|Any CPU
		{15AB16E0-453E-4700-9222-4D4F28AB052D}.Debug|Any CPU.Build.0 = Debug|Any CPU
		{15AB16E0-453E-4700-9222-4D4F28AB052D}.Release|Any CPU.ActiveCfg = Release|Any CPU
		{15AB16E0-453E-4700-9222-4D4F28AB052D}.Release|Any CPU.Build.0 = Release|Any CPU
		{9E1A9A81-A786-468B-846E-06819000E741}.Debug|Any CPU.ActiveCfg = Debug|Any CPU
		{9E1A9A81-A786-468B-846E-06819000E741}.Debug|Any CPU.Build.0 = Debug|Any CPU
		{9E1A9A81-A786-468B-846E-06819000E741}.Release|Any CPU.ActiveCfg = Release|Any CPU
		{9E1A9A81-A786-468B-846E-06819000E741}.Release|Any CPU.Build.0 = Release|Any CPU
		{817956D4-EF0B-4139-BDD3-22332251B56C}.Debug|Any CPU.ActiveCfg = Debug|Any CPU
		{817956D4-EF0B-4139-BDD3-22332251B56C}.Debug|Any CPU.Build.0 = Debug|Any CPU
		{817956D4-EF0B-4139-BDD3-22332251B56C}.Release|Any CPU.ActiveCfg = Release|Any CPU
		{817956D4-EF0B-4139-BDD3-22332251B56C}.Release|Any CPU.Build.0 = Release|Any CPU
		{7A39216F-D3B0-4592-A925-07085853BE8F}.Debug|Any CPU.ActiveCfg = Debug|Any CPU
		{7A39216F-D3B0-4592-A925-07085853BE8F}.Debug|Any CPU.Build.0 = Debug|Any CPU
		{7A39216F-D3B0-4592-A925-07085853BE8F}.Release|Any CPU.ActiveCfg = Release|Any CPU
		{7A39216F-D3B0-4592-A925-07085853BE8F}.Release|Any CPU.Build.0 = Release|Any CPU
		{B61D04FD-06BB-4A7F-9FCE-7DF50835F27A}.Debug|Any CPU.ActiveCfg = Debug|Any CPU
		{B61D04FD-06BB-4A7F-9FCE-7DF50835F27A}.Debug|Any CPU.Build.0 = Debug|Any CPU
		{B61D04FD-06BB-4A7F-9FCE-7DF50835F27A}.Release|Any CPU.ActiveCfg = Release|Any CPU
		{B61D04FD-06BB-4A7F-9FCE-7DF50835F27A}.Release|Any CPU.Build.0 = Release|Any CPU
	EndGlobalSection
	GlobalSection(SolutionProperties) = preSolution
		HideSolutionNode = FALSE
	EndGlobalSection
	GlobalSection(ExtensibilityGlobals) = postSolution
		SolutionGuid = {B39BB533-9378-4F20-98B2-903806EE60A9}
	EndGlobalSection
EndGlobal
